
Microsoft Visual Studio Solution File, Format Version 12.00
# Visual Studio Version 17
VisualStudioVersion = 17.11.35219.272
MinimumVisualStudioVersion = 10.0.40219.1
Project("{FAE04EC0-301F-11D3-BF4B-00C04F79EFBC}") = "Domain", "Domain\Domain.csproj", "{05D16F6D-9E7C-4344-8199-B720C2ABBC23}"
EndProject
Project("{FAE04EC0-301F-11D3-BF4B-00C04F79EFBC}") = "Application", "Application\Application.csproj", "{5145984B-C359-4235-98AD-5C46BE08FB81}"
EndProject
Project("{FAE04EC0-301F-11D3-BF4B-00C04F79EFBC}") = "Api", "Api\Api.csproj", "{87B28514-2A25-4DF9-BF64-EA2619B49547}"
EndProject
Project("{FAE04EC0-301F-11D3-BF4B-00C04F79EFBC}") = "Infrastructure", "Infrastructure\Infrastructure.csproj", "{FE0CE3B5-B6AD-4AB4-9A3C-4AEB6948A1B6}"
EndProject
Project("{2150E333-8FDC-42A3-9474-1A3956D46DE8}") = "src", "src", "{D6F27470-098A-40CD-A8D4-4B8BD9677470}"
EndProject
Project("{2150E333-8FDC-42A3-9474-1A3956D46DE8}") = "tests", "tests", "{1B2191B4-79B0-4A92-8D60-32DF263EBBDC}"
EndProject
Project("{FAE04EC0-301F-11D3-BF4B-00C04F79EFBC}") = "Application.UnitTests", "Application.UnitTests\Application.UnitTests.csproj", "{D588FF4F-777F-43BB-843C-52C228DCD69C}"
EndProject
Global
	GlobalSection(SolutionConfigurationPlatforms) = preSolution
		Debug|Any CPU = Debug|Any CPU
		Release|Any CPU = Release|Any CPU
	EndGlobalSection
	GlobalSection(ProjectConfigurationPlatforms) = postSolution
		{05D16F6D-9E7C-4344-8199-B720C2ABBC23}.Debug|Any CPU.ActiveCfg = Debug|Any CPU
		{05D16F6D-9E7C-4344-8199-B720C2ABBC23}.Debug|Any CPU.Build.0 = Debug|Any CPU
		{05D16F6D-9E7C-4344-8199-B720C2ABBC23}.Release|Any CPU.ActiveCfg = Release|Any CPU
		{05D16F6D-9E7C-4344-8199-B720C2ABBC23}.Release|Any CPU.Build.0 = Release|Any CPU
		{5145984B-C359-4235-98AD-5C46BE08FB81}.Debug|Any CPU.ActiveCfg = Debug|Any CPU
		{5145984B-C359-4235-98AD-5C46BE08FB81}.Debug|Any CPU.Build.0 = Debug|Any CPU
		{5145984B-C359-4235-98AD-5C46BE08FB81}.Release|Any CPU.ActiveCfg = Release|Any CPU
		{5145984B-C359-4235-98AD-5C46BE08FB81}.Release|Any CPU.Build.0 = Release|Any CPU
		{87B28514-2A25-4DF9-BF64-EA2619B49547}.Debug|Any CPU.ActiveCfg = Debug|Any CPU
		{87B28514-2A25-4DF9-BF64-EA2619B49547}.Debug|Any CPU.Build.0 = Debug|Any CPU
		{87B28514-2A25-4DF9-BF64-EA2619B49547}.Release|Any CPU.ActiveCfg = Release|Any CPU
		{87B28514-2A25-4DF9-BF64-EA2619B49547}.Release|Any CPU.Build.0 = Release|Any CPU
		{FE0CE3B5-B6AD-4AB4-9A3C-4AEB6948A1B6}.Debug|Any CPU.ActiveCfg = Debug|Any CPU
		{FE0CE3B5-B6AD-4AB4-9A3C-4AEB6948A1B6}.Debug|Any CPU.Build.0 = Debug|Any CPU
		{FE0CE3B5-B6AD-4AB4-9A3C-4AEB6948A1B6}.Release|Any CPU.ActiveCfg = Release|Any CPU
		{FE0CE3B5-B6AD-4AB4-9A3C-4AEB6948A1B6}.Release|Any CPU.Build.0 = Release|Any CPU
		{D588FF4F-777F-43BB-843C-52C228DCD69C}.Debug|Any CPU.ActiveCfg = Debug|Any CPU
		{D588FF4F-777F-43BB-843C-52C228DCD69C}.Debug|Any CPU.Build.0 = Debug|Any CPU
		{D588FF4F-777F-43BB-843C-52C228DCD69C}.Release|Any CPU.ActiveCfg = Release|Any CPU
		{D588FF4F-777F-43BB-843C-52C228DCD69C}.Release|Any CPU.Build.0 = Release|Any CPU
	EndGlobalSection
	GlobalSection(SolutionProperties) = preSolution
		HideSolutionNode = FALSE
	EndGlobalSection
	GlobalSection(NestedProjects) = preSolution
		{05D16F6D-9E7C-4344-8199-B720C2ABBC23} = {D6F27470-098A-40CD-A8D4-4B8BD9677470}
		{5145984B-C359-4235-98AD-5C46BE08FB81} = {D6F27470-098A-40CD-A8D4-4B8BD9677470}
		{87B28514-2A25-4DF9-BF64-EA2619B49547} = {D6F27470-098A-40CD-A8D4-4B8BD9677470}
		{FE0CE3B5-B6AD-4AB4-9A3C-4AEB6948A1B6} = {D6F27470-098A-40CD-A8D4-4B8BD9677470}
		{D588FF4F-777F-43BB-843C-52C228DCD69C} = {1B2191B4-79B0-4A92-8D60-32DF263EBBDC}
	EndGlobalSection
	GlobalSection(ExtensibilityGlobals) = postSolution
		SolutionGuid = {244B96D9-E7B3-427E-91B3-6FC928E52E48}
	EndGlobalSection
EndGlobal
